
Microsoft Visual Studio Solution File, Format Version 12.00
# Visual Studio Version 17
VisualStudioVersion = 17.4.33103.184
MinimumVisualStudioVersion = 10.0.40219.1
Project("{FAE04EC0-301F-11D3-BF4B-00C04F79EFBC}") = "employee_webapi_EF_", "employee_webapi_EF_\employee_webapi_EF_.csproj", "{8B58B45A-0A46-403D-A43C-56906E322C12}"
EndProject
Global
	GlobalSection(SolutionConfigurationPlatforms) = preSolution
		Debug|Any CPU = Debug|Any CPU
		Release|Any CPU = Release|Any CPU
	EndGlobalSection
	GlobalSection(ProjectConfigurationPlatforms) = postSolution
		{8B58B45A-0A46-403D-A43C-56906E322C12}.Debug|Any CPU.ActiveCfg = Debug|Any CPU
		{8B58B45A-0A46-403D-A43C-56906E322C12}.Debug|Any CPU.Build.0 = Debug|Any CPU
		{8B58B45A-0A46-403D-A43C-56906E322C12}.Release|Any CPU.ActiveCfg = Release|Any CPU
		{8B58B45A-0A46-403D-A43C-56906E322C12}.Release|Any CPU.Build.0 = Release|Any CPU
	EndGlobalSection
	GlobalSection(SolutionProperties) = preSolution
		HideSolutionNode = FALSE
	EndGlobalSection
	GlobalSection(ExtensibilityGlobals) = postSolution
		SolutionGuid = {2FECD40D-FD8C-4858-A036-2B884DE122AF}
	EndGlobalSection
EndGlobal
